lockfileVersion: '9.0'

settings:
  autoInstallPeers: true
  excludeLinksFromLockfile: false

importers:

  .:
    devDependencies:
      '@axe-core/playwright':
        specifier: ^4.10.2
        version: 4.12.1(playwright-core@1.62.1)
      '@playwright/test':
        specifier: ^1.53.0
        version: 1.62.1
      axe-playwright:
        specifier: ^2.1.0
        version: 2.2.2(playwright@1.62.1)
      playwright:
        specifier: ^1.53.0
        version: 1.62.1

packages:

  '@axe-core/playwright@4.12.1':
    resolution: {integrity: sha512-rMd7xriptqKpP+w5265i4Hdkv2X5kbu6uiBi/B2I7uf3hieRBM3qDCfaKPtxfiYb2mKXfF+yLODJwIx+Jv1GDw==}
    peerDependencies:
      playwright-core: '>= 1.0.0'

  '@playwright/test@1.62.1':
    resolution: {integrity: sha512-DTcUc8qii+cpHvtOwggMtBRMjKZHXYWdw8syRYu2vtzuq4Wxphqq4NfCs5Zt44L6mA8rfDfj+PHnxFc/FeK6mQ==}
    engines: {node: '>=20'}
    hasBin: true

  '@types/junit-report-builder@3.0.2':
    resolution: {integrity: sha512-R5M+SYhMbwBeQcNXYWNCZkl09vkVfAtcPIaCGdzIkkbeaTrVbGQ7HVgi4s+EmM/M1K4ZuWQH0jGcvMvNePfxYA==}

  axe-core@4.12.1:
    resolution: {integrity: sha512-s7iGf5GaVMxEG0ENN9x+xTr7GFZCb1ZP/1uATUpCEK2X78nDB3RwbtFCo9pGAf9ru+VwoQ464DkaLEeRM08wJA==}
    engines: {node: '>=4'}

  axe-html-reporter@2.2.11:
    resolution: {integrity: sha512-WlF+xlNVgNVWiM6IdVrsh+N0Cw7qupe5HT9N6Uyi+aN7f6SSi92RDomiP1noW8OWIV85V6x404m5oKMeqRV3tQ==}
    engines: {node: '>=8.9.0'}
    peerDependencies:
      axe-core: '>=3'

  axe-playwright@2.2.2:
    resolution: {integrity: sha512-h350/grzDCPgpuWV7eEOqr/f61Xn07Gi9f9B3Ew4rW6/nFtpdEJYW6jgRATorgAGXjEAYFTnaY3sEys39wDw4A==}
    peerDependencies:
      playwright: '>1.0.0'

  fsevents@2.3.2:
    resolution: {integrity: sha512-xiqMQR4xAeHTuB9uWm+fFRcIOgKBMiOBP+eXiyT7jsgVCq1bkVygt00oASowB7EdtpOHaaPgKt812P9ab+DDKA==}
    engines: {node: ^8.16.0 || ^10.6.0 || >=11.0.0}
    os: [darwin]

  junit-report-builder@5.1.2:
    resolution: {integrity: sha512-HzvLbEQcoqN2LmGnloShxu2hLadi/rkOTU3zt61UeMICLS0wGDvbf8neIi6+bGkxMnAePIcFMFnbqV+r6YvwxA==}
    engines: {node: '>=16'}

  lodash@4.18.1:
    resolution: {integrity: sha512-dMInicTPVE8d1e5otfwmmjlxkZoUpiVLwyeTdUsi/Caj/gfzzblBcCE5sRHV/AsjuCmxWrte2TNGSYuCeCq+0Q==}

  make-dir@3.1.0:
    resolution: {integrity: sha512-g3FeP20LNwhALb/6Cz6Dd4F2ngze0jz7tbzrD2wAV+o9FeNHe4rL+yK2md0J/fiSf1sa1ADhXqi5+oVwOM/eGw==}
    engines: {node: '>=8'}

  mustache@4.2.0:
    resolution: {integrity: sha512-71ippSywq5Yb7/tVYyGbkBggbU8H3u5Rz56fH60jGFgr8uHwxs+aSKeqmluIVzM0m0kB7xQjKS6qPfd0b2ZoqQ==}
    hasBin: true

  picocolors@1.1.1:
    resolution: {integrity: sha512-xceH2snhtb5M9liqDsmEw56le376mTZkEX/jEb/RxNFyegNul7eNslCXP9FDj/Lcu0X8KEyMceP2ntpaHrDEVA==}

  playwright-core@1.62.1:
    resolution: {integrity: sha512-wPYSwEBJY9GHraISXqyqtx0na0LpO3XEX7jNDhntbex7tzUS7kLnZsOlFruFJB4Hi/rhDMjXGqHewDZ68nYZVw==}
    engines: {node: '>=20'}
    hasBin: true

  playwright@1.62.1:
    resolution: {integrity: sha512-0M+L3LAD8/nm554LOla9Ayx0j0tmFZ0FBcoQ7F1VuVHpM/XpiC8RcDzBQB8W5+hA8L22THxELzeF+2WcUzvcLg==}
    engines: {node: '>=20'}
    hasBin: true

  semver@6.3.1:
    resolution: {integrity: sha512-BR7VvDCVHO+q2xBEWskxS6DJE1qRnb7DxzUrogb71CWoSficBxYsiAGd+Kl0mmq/MprG9yArRkyrQxTO6XjMzA==}
    hasBin: true

  xmlbuilder@15.1.1:
    resolution: {integrity: sha512-yMqGBqtXyeN1e3TGYvgNgDVZ3j84W4cwkOXQswghol6APgZWaff9lnbvN7MHYJOiXsvGPXtjTYJEiC9J2wv9Eg==}
    engines: {node: '>=8.0'}

snapshots:

  '@axe-core/playwright@4.12.1(playwright-core@1.62.1)':
    dependencies:
      axe-core: 4.12.1
      playwright-core: 1.62.1

  '@playwright/test@1.62.1':
    dependencies:
      playwright: 1.62.1

  '@types/junit-report-builder@3.0.2': {}

  axe-core@4.12.1: {}

  axe-html-reporter@2.2.11(axe-core@4.12.1):
    dependencies:
      axe-core: 4.12.1
      mustache: 4.2.0

  axe-playwright@2.2.2(playwright@1.62.1):
    dependencies:
      '@types/junit-report-builder': 3.0.2
      axe-core: 4.12.1
      axe-html-reporter: 2.2.11(axe-core@4.12.1)
      junit-report-builder: 5.1.2
      picocolors: 1.1.1
      playwright: 1.62.1

  fsevents@2.3.2:
    optional: true

  junit-report-builder@5.1.2:
    dependencies:
      lodash: 4.18.1
      make-dir: 3.1.0
      xmlbuilder: 15.1.1

  lodash@4.18.1: {}

  make-dir@3.1.0:
    dependencies:
      semver: 6.3.1

  mustache@4.2.0: {}

  picocolors@1.1.1: {}

  playwright-core@1.62.1: {}

  playwright@1.62.1:
    dependencies:
      playwright-core: 1.62.1
    optionalDependencies:
      fsevents: 2.3.2

  semver@6.3.1: {}

  xmlbuilder@15.1.1: {}
